
Microsoft Visual Studio Solution File, Format Version 12.00
# Visual Studio Version 17
VisualStudioVersion = 17.8.34309.116
MinimumVisualStudioVersion = 10.0.40219.1
Project("{2150E333-8FDC-42A3-9474-1A3956D46DE8}") = "Services", "Services", "{7EE3E5FF-9343-4477-96B3-05EA0C3267C5}"
EndProject
Project("{2150E333-8FDC-42A3-9474-1A3956D46DE8}") = "Shared", "Shared", "{EC93CBD8-1511-49CF-83FA-643B15FADB36}"
EndProject
Project("{2150E333-8FDC-42A3-9474-1A3956D46DE8}") = "Gateways", "Gateways", "{11FC3C31-F4BB-4429-8D26-D2CAFCBF9A82}"
EndProject
Project("{2150E333-8FDC-42A3-9474-1A3956D46DE8}") = "Frontends", "Frontends", "{6C6DF245-0952-4BD4-B58C-3BF157FDA615}"
EndProject
Project("{2150E333-8FDC-42A3-9474-1A3956D46DE8}") = "IdentityServer", "IdentityServer", "{C65702DB-9CC9-4AD3-96C7-D1D748A14405}"
EndProject
Project("{2150E333-8FDC-42A3-9474-1A3956D46DE8}") = "ToDoList", "ToDoList", "{E924E081-00E9-4FF1-AEB8-BC3EC5D147EB}"
EndProject
Project("{2150E333-8FDC-42A3-9474-1A3956D46DE8}") = "Basket", "Basket", "{E8C4AE63-D814-40D9-A8E7-02FAAFF42DB2}"
EndProject
Project("{2150E333-8FDC-42A3-9474-1A3956D46DE8}") = "Catalog", "Catalog", "{FC5C1782-B0C4-40A4-B6EC-6DD55B86E7D3}"
EndProject
Project("{2150E333-8FDC-42A3-9474-1A3956D46DE8}") = "Order", "Order", "{147B4B0D-4AA1-41DF-ABC5-AE95F86196FD}"
EndProject
Project("{2150E333-8FDC-42A3-9474-1A3956D46DE8}") = "Cargo", "Cargo", "{30E7C22E-478C-472B-BA6C-0EE9CC153A82}"
EndProject
Project("{2150E333-8FDC-42A3-9474-1A3956D46DE8}") = "Photostock", "Photostock", "{27E28D30-B371-4F76-8D95-5D12F5395A67}"
EndProject
Project("{2150E333-8FDC-42A3-9474-1A3956D46DE8}") = "Payment", "Payment", "{93F54365-0E0E-4C56-83B3-676870C42FFD}"
EndProject
Project("{2150E333-8FDC-42A3-9474-1A3956D46DE8}") = "Discount", "Discount", "{49C762A3-E6DB-4400-9E7E-CA6C1D4695A8}"
EndProject
Project("{2150E333-8FDC-42A3-9474-1A3956D46DE8}") = "Comment", "Comment", "{4E5E4A10-9795-4E1C-86C4-9A21BD796A8E}"
EndProject
Project("{9A19103F-16F7-4668-BE54-9A1E7A4F7556}") = "ECommerce.Services.Catalog", "Services\Catalog\ECommerce.Services.Catalog\ECommerce.Services.Catalog.csproj", "{59F423A9-268A-458E-BD08-8D3A295275F6}"
EndProject
Project("{9A19103F-16F7-4668-BE54-9A1E7A4F7556}") = "ECommerce.Shared", "Shared\ECommerce.Shared\ECommerce.Shared.csproj", "{DC473D16-D0AA-406F-82D4-A23ECAD1F871}"
EndProject
Project("{9A19103F-16F7-4668-BE54-9A1E7A4F7556}") = "ECommerce.Discount", "Services\Discount\ECommerce.Discount\ECommerce.Discount.csproj", "{41C03CF9-E252-4874-9CBD-226BD0E6ED7B}"
EndProject
Project("{2150E333-8FDC-42A3-9474-1A3956D46DE8}") = "Core", "Core", "{CCDD994D-5F56-4B32-8633-87D36CC330F4}"
EndProject
Project("{2150E333-8FDC-42A3-9474-1A3956D46DE8}") = "Infrastructure", "Infrastructure", "{FB368687-C104-4FBB-92E3-C05D88A9E252}"
EndProject
Project("{2150E333-8FDC-42A3-9474-1A3956D46DE8}") = "Presentation", "Presentation", "{C99D0DC5-6194-4DC3-BB24-C183B360444A}"
EndProject
Project("{9A19103F-16F7-4668-BE54-9A1E7A4F7556}") = "ECommerce.Services.Order.Domain", "Services\Order\Core\ECommerce.Services.Order.Domain\ECommerce.Services.Order.Domain.csproj", "{005E31E5-78C8-4158-807C-53D157FA91F0}"
EndProject
Project("{9A19103F-16F7-4668-BE54-9A1E7A4F7556}") = "ECommerce.Order.Application", "Services\Order\Core\ECommerce.Order.Application\ECommerce.Order.Application.csproj", "{453F2EAE-97AC-4C03-B530-6231798B0022}"
EndProject
Project("{9A19103F-16F7-4668-BE54-9A1E7A4F7556}") = "ECommerce.Order.Persistance", "Services\Order\Infrastructure\ECommerce.Order.Persistance\ECommerce.Order.Persistance.csproj", "{B1B3A8DA-100D-4BAA-9859-A50CFE215F7A}"
EndProject
Project("{9A19103F-16F7-4668-BE54-9A1E7A4F7556}") = "ECommerce.Order.WebApi", "Services\Order\Presentation\ECommerce.Order.WebApi\ECommerce.Order.WebApi.csproj", "{0C72B4D6-F2F6-49F4-9A89-BD856ECDC858}"
EndProject
Project("{9A19103F-16F7-4668-BE54-9A1E7A4F7556}") = "ECommerce.IdentityServer", "IdentityServer\ECommerce.IdentityServer\ECommerce.IdentityServer.csproj", "{14CA162D-F991-4E0A-AF1C-05BA54536908}"
EndProject
Global
	GlobalSection(SolutionConfigurationPlatforms) = preSolution
		Debug|Any CPU = Debug|Any CPU
		Release|Any CPU = Release|Any CPU
	EndGlobalSection
	GlobalSection(ProjectConfigurationPlatforms) = postSolution
		{59F423A9-268A-458E-BD08-8D3A295275F6}.Debug|Any CPU.ActiveCfg = Debug|Any CPU
		{59F423A9-268A-458E-BD08-8D3A295275F6}.Debug|Any CPU.Build.0 = Debug|Any CPU
		{59F423A9-268A-458E-BD08-8D3A295275F6}.Release|Any CPU.ActiveCfg = Release|Any CPU
		{59F423A9-268A-458E-BD08-8D3A295275F6}.Release|Any CPU.Build.0 = Release|Any CPU
		{DC473D16-D0AA-406F-82D4-A23ECAD1F871}.Debug|Any CPU.ActiveCfg = Debug|Any CPU
		{DC473D16-D0AA-406F-82D4-A23ECAD1F871}.Debug|Any CPU.Build.0 = Debug|Any CPU
		{DC473D16-D0AA-406F-82D4-A23ECAD1F871}.Release|Any CPU.ActiveCfg = Release|Any CPU
		{DC473D16-D0AA-406F-82D4-A23ECAD1F871}.Release|Any CPU.Build.0 = Release|Any CPU
		{41C03CF9-E252-4874-9CBD-226BD0E6ED7B}.Debug|Any CPU.ActiveCfg = Debug|Any CPU
		{41C03CF9-E252-4874-9CBD-226BD0E6ED7B}.Debug|Any CPU.Build.0 = Debug|Any CPU
		{41C03CF9-E252-4874-9CBD-226BD0E6ED7B}.Release|Any CPU.ActiveCfg = Release|Any CPU
		{41C03CF9-E252-4874-9CBD-226BD0E6ED7B}.Release|Any CPU.Build.0 = Release|Any CPU
		{005E31E5-78C8-4158-807C-53D157FA91F0}.Debug|Any CPU.ActiveCfg = Debug|Any CPU
		{005E31E5-78C8-4158-807C-53D157FA91F0}.Debug|Any CPU.Build.0 = Debug|Any CPU
		{005E31E5-78C8-4158-807C-53D157FA91F0}.Release|Any CPU.ActiveCfg = Release|Any CPU
		{005E31E5-78C8-4158-807C-53D157FA91F0}.Release|Any CPU.Build.0 = Release|Any CPU
		{453F2EAE-97AC-4C03-B530-6231798B0022}.Debug|Any CPU.ActiveCfg = Debug|Any CPU
		{453F2EAE-97AC-4C03-B530-6231798B0022}.Debug|Any CPU.Build.0 = Debug|Any CPU
		{453F2EAE-97AC-4C03-B530-6231798B0022}.Release|Any CPU.ActiveCfg = Release|Any CPU
		{453F2EAE-97AC-4C03-B530-6231798B0022}.Release|Any CPU.Build.0 = Release|Any CPU
		{B1B3A8DA-100D-4BAA-9859-A50CFE215F7A}.Debug|Any CPU.ActiveCfg = Debug|Any CPU
		{B1B3A8DA-100D-4BAA-9859-A50CFE215F7A}.Debug|Any CPU.Build.0 = Debug|Any CPU
		{B1B3A8DA-100D-4BAA-9859-A50CFE215F7A}.Release|Any CPU.ActiveCfg = Release|Any CPU
		{B1B3A8DA-100D-4BAA-9859-A50CFE215F7A}.Release|Any CPU.Build.0 = Release|Any CPU
		{0C72B4D6-F2F6-49F4-9A89-BD856ECDC858}.Debug|Any CPU.ActiveCfg = Debug|Any CPU
		{0C72B4D6-F2F6-49F4-9A89-BD856ECDC858}.Debug|Any CPU.Build.0 = Debug|Any CPU
		{0C72B4D6-F2F6-49F4-9A89-BD856ECDC858}.Release|Any CPU.ActiveCfg = Release|Any CPU
		{0C72B4D6-F2F6-49F4-9A89-BD856ECDC858}.Release|Any CPU.Build.0 = Release|Any CPU
		{14CA162D-F991-4E0A-AF1C-05BA54536908}.Debug|Any CPU.ActiveCfg = Debug|Any CPU
		{14CA162D-F991-4E0A-AF1C-05BA54536908}.Debug|Any CPU.Build.0 = Debug|Any CPU
		{14CA162D-F991-4E0A-AF1C-05BA54536908}.Release|Any CPU.ActiveCfg = Release|Any CPU
		{14CA162D-F991-4E0A-AF1C-05BA54536908}.Release|Any CPU.Build.0 = Release|Any CPU
	EndGlobalSection
	GlobalSection(SolutionProperties) = preSolution
		HideSolutionNode = FALSE
	EndGlobalSection
	GlobalSection(NestedProjects) = preSolution
		{E8C4AE63-D814-40D9-A8E7-02FAAFF42DB2} = {7EE3E5FF-9343-4477-96B3-05EA0C3267C5}
		{FC5C1782-B0C4-40A4-B6EC-6DD55B86E7D3} = {7EE3E5FF-9343-4477-96B3-05EA0C3267C5}
		{147B4B0D-4AA1-41DF-ABC5-AE95F86196FD} = {7EE3E5FF-9343-4477-96B3-05EA0C3267C5}
		{30E7C22E-478C-472B-BA6C-0EE9CC153A82} = {7EE3E5FF-9343-4477-96B3-05EA0C3267C5}
		{27E28D30-B371-4F76-8D95-5D12F5395A67} = {7EE3E5FF-9343-4477-96B3-05EA0C3267C5}
		{93F54365-0E0E-4C56-83B3-676870C42FFD} = {7EE3E5FF-9343-4477-96B3-05EA0C3267C5}
		{49C762A3-E6DB-4400-9E7E-CA6C1D4695A8} = {7EE3E5FF-9343-4477-96B3-05EA0C3267C5}
		{4E5E4A10-9795-4E1C-86C4-9A21BD796A8E} = {7EE3E5FF-9343-4477-96B3-05EA0C3267C5}
		{59F423A9-268A-458E-BD08-8D3A295275F6} = {FC5C1782-B0C4-40A4-B6EC-6DD55B86E7D3}
		{DC473D16-D0AA-406F-82D4-A23ECAD1F871} = {EC93CBD8-1511-49CF-83FA-643B15FADB36}
		{41C03CF9-E252-4874-9CBD-226BD0E6ED7B} = {49C762A3-E6DB-4400-9E7E-CA6C1D4695A8}
		{CCDD994D-5F56-4B32-8633-87D36CC330F4} = {147B4B0D-4AA1-41DF-ABC5-AE95F86196FD}
		{FB368687-C104-4FBB-92E3-C05D88A9E252} = {147B4B0D-4AA1-41DF-ABC5-AE95F86196FD}
		{C99D0DC5-6194-4DC3-BB24-C183B360444A} = {147B4B0D-4AA1-41DF-ABC5-AE95F86196FD}
		{005E31E5-78C8-4158-807C-53D157FA91F0} = {CCDD994D-5F56-4B32-8633-87D36CC330F4}
		{453F2EAE-97AC-4C03-B530-6231798B0022} = {CCDD994D-5F56-4B32-8633-87D36CC330F4}
		{B1B3A8DA-100D-4BAA-9859-A50CFE215F7A} = {FB368687-C104-4FBB-92E3-C05D88A9E252}
		{0C72B4D6-F2F6-49F4-9A89-BD856ECDC858} = {C99D0DC5-6194-4DC3-BB24-C183B360444A}
		{14CA162D-F991-4E0A-AF1C-05BA54536908} = {C65702DB-9CC9-4AD3-96C7-D1D748A14405}
	EndGlobalSection
	GlobalSection(ExtensibilityGlobals) = postSolution
		SolutionGuid = {FC5AD084-3812-4D6B-8039-24DF9EAEE444}
	EndGlobalSection
EndGlobal
